
Microsoft Visual Studio Solution File, Format Version 12.00
# Visual Studio Version 16
VisualStudioVersion = 16.0.30804.86
MinimumVisualStudioVersion = 10.0.40219.1
Project("{FAE04EC0-301F-11D3-BF4B-00C04F79EFBC}") = "POC.CosmosRepository.ConsoleApp", "POC.CosmosRepository\POC.CosmosRepository.ConsoleApp.csproj", "{AFD0E493-BBBA-4216-B05D-13C63F5E21E6}"
EndProject
Project("{FAE04EC0-301F-11D3-BF4B-00C04F79EFBC}") = "POC.CosmosRepository.DataAccess", "POC.CosmosRepository.DataAccess\POC.CosmosRepository.DataAccess.csproj", "{5165A0E7-725E-495A-894D-04E210748E38}"
EndProject
Global
	GlobalSection(SolutionConfigurationPlatforms) = preSolution
		Debug|Any CPU = Debug|Any CPU
		Release|Any CPU = Release|Any CPU
	EndGlobalSection
	GlobalSection(ProjectConfigurationPlatforms) = postSolution
		{AFD0E493-BBBA-4216-B05D-13C63F5E21E6}.Debug|Any CPU.ActiveCfg = Debug|Any CPU
		{AFD0E493-BBBA-4216-B05D-13C63F5E21E6}.Debug|Any CPU.Build.0 = Debug|Any CPU
		{AFD0E493-BBBA-4216-B05D-13C63F5E21E6}.Release|Any CPU.ActiveCfg = Release|Any CPU
		{AFD0E493-BBBA-4216-B05D-13C63F5E21E6}.Release|Any CPU.Build.0 = Release|Any CPU
		{5165A0E7-725E-495A-894D-04E210748E38}.Debug|Any CPU.ActiveCfg = Debug|Any CPU
		{5165A0E7-725E-495A-894D-04E210748E38}.Debug|Any CPU.Build.0 = Debug|Any CPU
		{5165A0E7-725E-495A-894D-04E210748E38}.Release|Any CPU.ActiveCfg = Release|Any CPU
		{5165A0E7-725E-495A-894D-04E210748E38}.Release|Any CPU.Build.0 = Release|Any CPU
	EndGlobalSection
	GlobalSection(SolutionProperties) = preSolution
		HideSolutionNode = FALSE
	EndGlobalSection
	GlobalSection(ExtensibilityGlobals) = postSolution
		SolutionGuid = {E00B5329-CFCA-4B61-9168-936B68B54001}
	EndGlobalSection
EndGlobal
